
Microsoft Visual Studio Solution File, Format Version 12.00
# Visual Studio Version 16
VisualStudioVersion = 16.0.32106.194
MinimumVisualStudioVersion = 10.0.40219.1
Project("{FAE04EC0-301F-11D3-BF4B-00C04F79EFBC}") = "Kashish_Lathidadia_Mid-Term", "Kashish_Lathidadia_Mid-Term\Kashish_Lathidadia_Mid-Term.csproj", "{55FC1C8B-B311-44A7-AB26-CC00ECA060E5}"
EndProject
Project("{FAE04EC0-301F-11D3-BF4B-00C04F79EFBC}") = "ByteConversionTests", "ByteConversionTests\ByteConversionTests.csproj", "{D146550B-21AD-4535-9E1A-1FDC2FD88156}"
EndProject
Global
	GlobalSection(SolutionConfigurationPlatforms) = preSolution
		Debug|Any CPU = Debug|Any CPU
		Release|Any CPU = Release|Any CPU
	EndGlobalSection
	GlobalSection(ProjectConfigurationPlatforms) = postSolution
		{55FC1C8B-B311-44A7-AB26-CC00ECA060E5}.Debug|Any CPU.ActiveCfg = Debug|Any CPU
		{55FC1C8B-B311-44A7-AB26-CC00ECA060E5}.Debug|Any CPU.Build.0 = Debug|Any CPU
		{55FC1C8B-B311-44A7-AB26-CC00ECA060E5}.Release|Any CPU.ActiveCfg = Release|Any CPU
		{55FC1C8B-B311-44A7-AB26-CC00ECA060E5}.Release|Any CPU.Build.0 = Release|Any CPU
		{D146550B-21AD-4535-9E1A-1FDC2FD88156}.Debug|Any CPU.ActiveCfg = Debug|Any CPU
		{D146550B-21AD-4535-9E1A-1FDC2FD88156}.Debug|Any CPU.Build.0 = Debug|Any CPU
		{D146550B-21AD-4535-9E1A-1FDC2FD88156}.Release|Any CPU.ActiveCfg = Release|Any CPU
		{D146550B-21AD-4535-9E1A-1FDC2FD88156}.Release|Any CPU.Build.0 = Release|Any CPU
	EndGlobalSection
	GlobalSection(SolutionProperties) = preSolution
		HideSolutionNode = FALSE
	EndGlobalSection
	GlobalSection(ExtensibilityGlobals) = postSolution
		SolutionGuid = {0DEB887E-8BCE-49F9-A152-218A43602C35}
	EndGlobalSection
EndGlobal
